// !$*UTF8*$!
{
	archiveVersion = 1;
	classes = {
	};
	objectVersion = 56;
	objects = {

/* Begin PBXBuildFile section */
		70042BB42A101D4C00FBD9C0 /* LoginViewController.swift in Sources */ = {isa = PBXBuildFile; fileRef = 70042BB32A101D4C00FBD9C0 /* LoginViewController.swift */; };
		70042BB62A10202E00FBD9C0 /* RegisterViewController.swift in Sources */ = {isa = PBXBuildFile; fileRef = 70042BB52A10202E00FBD9C0 /* RegisterViewController.swift */; };
		702249852A0AD99600169B68 /* OnboardingscreenViewController.swift in Sources */ = {isa = PBXBuildFile; fileRef = 702249842A0AD99600169B68 /* OnboardingscreenViewController.swift */; };
		705837442A126E6200FE3989 /* WorkoutListViewController.swift in Sources */ = {isa = PBXBuildFile; fileRef = 705837432A126E6200FE3989 /* WorkoutListViewController.swift */; };
		707993A62A0E673900419943 /* SecondOnboardingscreenViewController.swift in Sources */ = {isa = PBXBuildFile; fileRef = 707993A52A0E673900419943 /* SecondOnboardingscreenViewController.swift */; };
		707B84262A080F0D00C5BC05 /* AppDelegate.swift in Sources */ = {isa = PBXBuildFile; fileRef = 707B84252A080F0D00C5BC05 /* AppDelegate.swift */; };
		707B84282A080F0D00C5BC05 /* SceneDelegate.swift in Sources */ = {isa = PBXBuildFile; fileRef = 707B84272A080F0D00C5BC05 /* SceneDelegate.swift */; };
		707B842A2A080F0D00C5BC05 /* ViewController.swift in Sources */ = {isa = PBXBuildFile; fileRef = 707B84292A080F0D00C5BC05 /* ViewController.swift */; };
		707B842D2A080F0D00C5BC05 /* Main.storyboard in Resources */ = {isa = PBXBuildFile; fileRef = 707B842B2A080F0D00C5BC05 /* Main.storyboard */; };
		707B842F2A080F0E00C5BC05 /* Assets.xcassets in Resources */ = {isa = PBXBuildFile; fileRef = 707B842E2A080F0E00C5BC05 /* Assets.xcassets */; };
		707B84322A080F0E00C5BC05 /* LaunchScreen.storyboard in Resources */ = {isa = PBXBuildFile; fileRef = 707B84302A080F0E00C5BC05 /* LaunchScreen.storyboard */; };
/* End PBXBuildFile section */

/* Begin PBXFileReference section */
		70042BB32A101D4C00FBD9C0 /* LoginViewController.swift */ = {isa = PBXFileReference; lastKnownFileType = sourcecode.swift; path = LoginViewController.swift; sourceTree = "<group>"; };
		70042BB52A10202E00FBD9C0 /* RegisterViewController.swift */ = {isa = PBXFileReference; lastKnownFileType = sourcecode.swift; path = RegisterViewController.swift; sourceTree = "<group>"; };
		702249842A0AD99600169B68 /* OnboardingscreenViewController.swift */ = {isa = PBXFileReference; lastKnownFileType = sourcecode.swift; path = OnboardingscreenViewController.swift; sourceTree = "<group>"; };
		705837432A126E6200FE3989 /* WorkoutListViewController.swift */ = {isa = PBXFileReference; lastKnownFileType = sourcecode.swift; path = WorkoutListViewController.swift; sourceTree = "<group>"; };
		707993A52A0E673900419943 /* SecondOnboardingscreenViewController.swift */ = {isa = PBXFileReference; lastKnownFileType = sourcecode.swift; path = SecondOnboardingscreenViewController.swift; sourceTree = "<group>"; };
		707B84222A080F0D00C5BC05 /* Ffitness app.app */ = {isa = PBXFileReference; explicitFileType = wrapper.application; includeInIndex = 0; path = "Ffitness app.app"; sourceTree = BUILT_PRODUCTS_DIR; };
		707B84252A080F0D00C5BC05 /* AppDelegate.swift */ = {isa = PBXFileReference; lastKnownFileType = sourcecode.swift; path = AppDelegate.swift; sourceTree = "<group>"; };
		707B84272A080F0D00C5BC05 /* SceneDelegate.swift */ = {isa = PBXFileReference; lastKnownFileType = sourcecode.swift; path = SceneDelegate.swift; sourceTree = "<group>"; };
		707B84292A080F0D00C5BC05 /* ViewController.swift */ = {isa = PBXFileReference; lastKnownFileType = sourcecode.swift; path = ViewController.swift; sourceTree = "<group>"; };
		707B842C2A080F0D00C5BC05 /* Base */ = {isa = PBXFileReference; lastKnownFileType = file.storyboard; name = Base; path = Base.lproj/Main.storyboard; sourceTree = "<group>"; };
		707B842E2A080F0E00C5BC05 /* Assets.xcassets */ = {isa = PBXFileReference; lastKnownFileType = folder.assetcatalog; path = Assets.xcassets; sourceTree = "<group>"; };
		707B84312A080F0E00C5BC05 /* Base */ = {isa = PBXFileReference; lastKnownFileType = file.storyboard; name = Base; path = Base.lproj/LaunchScreen.storyboard; sourceTree = "<group>"; };
		707B84332A080F0E00C5BC05 /* Info.plist */ = {isa = PBXFileReference; lastKnownFileType = text.plist.xml; path = Info.plist; sourceTree = "<group>"; };
/* End PBXFileReference section */

/* Begin PBXFrameworksBuildPhase section */
		707B841F2A080F0D00C5BC05 /* Frameworks */ = {
			isa = PBXFrameworksBuildPhase;
			buildActionMask = 2147483647;
			files = (
			);
			runOnlyForDeploymentPostprocessing = 0;
		};
/* End PBXFrameworksBuildPhase section */

/* Begin PBXGroup section */
		707B84192A080F0D00C5BC05 = {
			isa = PBXGroup;
			children = (
				707B84242A080F0D00C5BC05 /* Ffitness app */,
				707B84232A080F0D00C5BC05 /* Products */,
			);
			sourceTree = "<group>";
		};
		707B84232A080F0D00C5BC05 /* Products */ = {
			isa = PBXGroup;
			children = (
				707B84222A080F0D00C5BC05 /* Ffitness app.app */,
			);
			name = Products;
			sourceTree = "<group>";
		};
		707B84242A080F0D00C5BC05 /* Ffitness app */ = {
			isa = PBXGroup;
			children = (
				707B84252A080F0D00C5BC05 /* AppDelegate.swift */,
				707B84272A080F0D00C5BC05 /* SceneDelegate.swift */,
				707B84292A080F0D00C5BC05 /* ViewController.swift */,
				707B842B2A080F0D00C5BC05 /* Main.storyboard */,
				707B842E2A080F0E00C5BC05 /* Assets.xcassets */,
				707B84302A080F0E00C5BC05 /* LaunchScreen.storyboard */,
				707B84332A080F0E00C5BC05 /* Info.plist */,
				702249842A0AD99600169B68 /* OnboardingscreenViewController.swift */,
				707993A52A0E673900419943 /* SecondOnboardingscreenViewController.swift */,
				70042BB32A101D4C00FBD9C0 /* LoginViewController.swift */,
				70042BB52A10202E00FBD9C0 /* RegisterViewController.swift */,
				705837432A126E6200FE3989 /* WorkoutListViewController.swift */,
			);
			path = "Ffitness app";
			sourceTree = "<group>";
		};
/* End PBXGroup section */

/* Begin PBXNativeTarget section */
		707B84212A080F0D00C5BC05 /* Ffitness app */ = {
			isa = PBXNativeTarget;
			buildConfigurationList = 707B84362A080F0E00C5BC05 /* Build configuration list for PBXNativeTarget "Ffitness app" */;
			buildPhases = (
				707B841E2A080F0D00C5BC05 /* Sources */,
				707B841F2A080F0D00C5BC05 /* Frameworks */,
				707B84202A080F0D00C5BC05 /* Resources */,
			);
			buildRules = (
			);
			dependencies = (
			);
			name = "Ffitness app";
			productName = "Ffitness app";
			productReference = 707B84222A080F0D00C5BC05 /* Ffitness app.app */;
			productType = "com.apple.product-type.application";
		};
/* End PBXNativeTarget section */

/* Begin PBXProject section */
		707B841A2A080F0D00C5BC05 /* Project object */ = {
			isa = PBXProject;
			attributes = {
				BuildIndependentTargetsInParallel = 1;
				LastSwiftUpdateCheck = 1420;
				LastUpgradeCheck = 1420;
				TargetAttributes = {
					707B84212A080F0D00C5BC05 = {
						CreatedOnToolsVersion = 14.2;
					};
				};
			};
			buildConfigurationList = 707B841D2A080F0D00C5BC05 /* Build configuration list for PBXProject "Ffitness app" */;
			compatibilityVersion = "Xcode 14.0";
			developmentRegion = en;
			hasScannedForEncodings = 0;
			knownRegions = (
				en,
				Base,
			);
			mainGroup = 707B84192A080F0D00C5BC05;
			productRefGroup = 707B84232A080F0D00C5BC05 /* Products */;
			projectDirPath = "";
			projectRoot = "";
			targets = (
				707B84212A080F0D00C5BC05 /* Ffitness app */,
			);
		};
/* End PBXProject section */

/* Begin PBXResourcesBuildPhase section */
		707B84202A080F0D00C5BC05 /* Resources */ = {
			isa = PBXResourcesBuildPhase;
			buildActionMask = 2147483647;
			files = (
				707B84322A080F0E00C5BC05 /* LaunchScreen.storyboard in Resources */,
				707B842F2A080F0E00C5BC05 /* Assets.xcassets in Resources */,
				707B842D2A080F0D00C5BC05 /* Main.storyboard in Resources */,
			);
			runOnlyForDeploymentPostprocessing = 0;
		};
/* End PBXResourcesBuildPhase section */

/* Begin PBXSourcesBuildPhase section */
		707B841E2A080F0D00C5BC05 /* Sources */ = {
			isa = PBXSourcesBuildPhase;
			buildActionMask = 2147483647;
			files = (
				705837442A126E6200FE3989 /* WorkoutListViewController.swift in Sources */,
				70042BB42A101D4C00FBD9C0 /* LoginViewController.swift in Sources */,
				707993A62A0E673900419943 /* SecondOnboardingscreenViewController.swift in Sources */,
				70042BB62A10202E00FBD9C0 /* RegisterViewController.swift in Sources */,
				707B842A2A080F0D00C5BC05 /* ViewController.swift in Sources */,
				702249852A0AD99600169B68 /* OnboardingscreenViewController.swift in Sources */,
				707B84262A080F0D00C5BC05 /* AppDelegate.swift in Sources */,
				707B84282A080F0D00C5BC05 /* SceneDelegate.swift in Sources */,
			);
			runOnlyForDeploymentPostprocessing = 0;
		};
/* End PBXSourcesBuildPhase section */

/* Begin PBXVariantGroup section */
		707B842B2A080F0D00C5BC05 /* Main.storyboard */ = {
			isa = PBXVariantGroup;
			children = (
				707B842C2A080F0D00C5BC05 /* Base */,
			);
			name = Main.storyboard;
			sourceTree = "<group>";
		};
		707B84302A080F0E00C5BC05 /* LaunchScreen.storyboard */ = {
			isa = PBXVariantGroup;
			children = (
				707B84312A080F0E00C5BC05 /* Base */,
			);
			name = LaunchScreen.storyboard;
			sourceTree = "<group>";
		};
/* End PBXVariantGroup section */

/* Begin XCBuildConfiguration section */
		707B84342A080F0E00C5BC05 /* Debug */ = {
			isa = XCBuildConfiguration;
			buildSettings = {
				ALWAYS_SEARCH_USER_PATHS = NO;
				CLANG_ANALYZER_NONNULL = YES;
				CLANG_ANALYZER_NUMBER_OBJECT_CONVERSION = YES_AGGRESSIVE;
				CLANG_CXX_LANGUAGE_STANDARD = "gnu++20";
				CLANG_ENABLE_MODULES = YES;
				CLANG_ENABLE_OBJC_ARC = YES;
				CLANG_ENABLE_OBJC_WEAK = YES;
				CLANG_WARN_BLOCK_CAPTURE_AUTORELEASING = YES;
				CLANG_WARN_BOOL_CONVERSION = YES;
				CLANG_WARN_COMMA = YES;
				CLANG_WARN_CONSTANT_CONVERSION = YES;
				CLANG_WARN_DEPRECATED_OBJC_IMPLEMENTATIONS = YES;
				CLANG_WARN_DIRECT_OBJC_ISA_USAGE = YES_ERROR;
				CLANG_WARN_DOCUMENTATION_COMMENTS = YES;
				CLANG_WARN_EMPTY_BODY = YES;
				CLANG_WARN_ENUM_CONVERSION = YES;
				CLANG_WARN_INFINITE_RECURSION = YES;
				CLANG_WARN_INT_CONVERSION = YES;
				CLANG_WARN_NON_LITERAL_NULL_CONVERSION = YES;
				CLANG_WARN_OBJC_IMPLICIT_RETAIN_SELF = YES;
				CLANG_WARN_OBJC_LITERAL_CONVERSION = YES;
				CLANG_WARN_OBJC_ROOT_CLASS = YES_ERROR;
				CLANG_WARN_QUOTED_INCLUDE_IN_FRAMEWORK_HEADER = YES;
				CLANG_WARN_RANGE_LOOP_ANALYSIS = YES;
				CLANG_WARN_STRICT_PROTOTYPES = YES;
				CLANG_WARN_SUSPICIOUS_MOVE = YES;
				CLANG_WARN_UNGUARDED_AVAILABILITY = YES_AGGRESSIVE;
				CLANG_WARN_UNREACHABLE_CODE = YES;
				CLANG_WARN__DUPLICATE_METHOD_MATCH = YES;
				COPY_PHASE_STRIP = NO;
				DEBUG_INFORMATION_FORMAT = dwarf;
				ENABLE_STRICT_OBJC_MSGSEND = YES;
				ENABLE_TESTABILITY = YES;
				GCC_C_LANGUAGE_STANDARD = gnu11;
				GCC_DYNAMIC_NO_PIC = NO;
				GCC_NO_COMMON_BLOCKS = YES;
				GCC_OPTIMIZATION_LEVEL = 0;
				GCC_PREPROCESSOR_DEFINITIONS = (
					"DEBUG=1",
					"$(inherited)",
				);
				GCC_WARN_64_TO_32_BIT_CONVERSION = YES;
				GCC_WARN_ABOUT_RETURN_TYPE = YES_ERROR;
				GCC_WARN_UNDECLARED_SELECTOR = YES;
				GCC_WARN_UNINITIALIZED_AUTOS = YES_AGGRESSIVE;
				GCC_WARN_UNUSED_FUNCTION = YES;
				GCC_WARN_UNUSED_VARIABLE = YES;
				IPHONEOS_DEPLOYMENT_TARGET = 16.2;
				MTL_ENABLE_DEBUG_INFO = INCLUDE_SOURCE;
				MTL_FAST_MATH = YES;
				ONLY_ACTIVE_ARCH = YES;
				SDKROOT = iphoneos;
				SWIFT_ACTIVE_COMPILATION_CONDITIONS = DEBUG;
				SWIFT_OPTIMIZATION_LEVEL = "-Onone";
			};
			name = Debug;
		};
		707B84352A080F0E00C5BC05 /* Release */ = {
			isa = XCBuildConfiguration;
			buildSettings = {
				ALWAYS_SEARCH_USER_PATHS = NO;
				CLANG_ANALYZER_NONNULL = YES;
				CLANG_ANALYZER_NUMBER_OBJECT_CONVERSION = YES_AGGRESSIVE;
				CLANG_CXX_LANGUAGE_STANDARD = "gnu++20";
				CLANG_ENABLE_MODULES = YES;
				CLANG_ENABLE_OBJC_ARC = YES;
				CLANG_ENABLE_OBJC_WEAK = YES;
				CLANG_WARN_BLOCK_CAPTURE_AUTORELEASING = YES;
				CLANG_WARN_BOOL_CONVERSION = YES;
				CLANG_WARN_COMMA = YES;
				CLANG_WARN_CONSTANT_CONVERSION = YES;
				CLANG_WARN_DEPRECATED_OBJC_IMPLEMENTATIONS = YES;
				CLANG_WARN_DIRECT_OBJC_ISA_USAGE = YES_ERROR;
				CLANG_WARN_DOCUMENTATION_COMMENTS = YES;
				CLANG_WARN_EMPTY_BODY = YES;
				CLANG_WARN_ENUM_CONVERSION = YES;
				CLANG_WARN_INFINITE_RECURSION = YES;
				CLANG_WARN_INT_CONVERSION = YES;
				CLANG_WARN_NON_LITERAL_NULL_CONVERSION = YES;
				CLANG_WARN_OBJC_IMPLICIT_RETAIN_SELF = YES;
				CLANG_WARN_OBJC_LITERAL_CONVERSION = YES;
				CLANG_WARN_OBJC_ROOT_CLASS = YES_ERROR;
				CLANG_WARN_QUOTED_INCLUDE_IN_FRAMEWORK_HEADER = YES;
				CLANG_WARN_RANGE_LOOP_ANALYSIS = YES;
				CLANG_WARN_STRICT_PROTOTYPES = YES;
				CLANG_WARN_SUSPICIOUS_MOVE = YES;
				CLANG_WARN_UNGUARDED_AVAILABILITY = YES_AGGRESSIVE;
				CLANG_WARN_UNREACHABLE_CODE = YES;
				CLANG_WARN__DUPLICATE_METHOD_MATCH = YES;
				COPY_PHASE_STRIP = NO;
				DEBUG_INFORMATION_FORMAT = "dwarf-with-dsym";
				ENABLE_NS_ASSERTIONS = NO;
				ENABLE_STRICT_OBJC_MSGSEND = YES;
				GCC_C_LANGUAGE_STANDARD = gnu11;
				GCC_NO_COMMON_BLOCKS = YES;
				GCC_WARN_64_TO_32_BIT_CONVERSION = YES;
				GCC_WARN_ABOUT_RETURN_TYPE = YES_ERROR;
				GCC_WARN_UNDECLARED_SELECTOR = YES;
				GCC_WARN_UNINITIALIZED_AUTOS = YES_AGGRESSIVE;
				GCC_WARN_UNUSED_FUNCTION = YES;
				GCC_WARN_UNUSED_VARIABLE = YES;
				IPHONEOS_DEPLOYMENT_TARGET = 16.2;
				MTL_ENABLE_DEBUG_INFO = NO;
				MTL_FAST_MATH = YES;
				SDKROOT = iphoneos;
				SWIFT_COMPILATION_MODE = wholemodule;
				SWIFT_OPTIMIZATION_LEVEL = "-O";
				VALIDATE_PRODUCT = YES;
			};
			name = Release;
		};
		707B84372A080F0E00C5BC05 /* Debug */ = {
			isa = XCBuildConfiguration;
			buildSettings = {
				ASSETCATALOG_COMPILER_APPICON_NAME = AppIcon;
				ASSETCATALOG_COMPILER_GLOBAL_ACCENT_COLOR_NAME = AccentColor;
				CODE_SIGN_STYLE = Automatic;
				CURRENT_PROJECT_VERSION = 1;
				GENERATE_INFOPLIST_FILE = YES;
				INFOPLIST_FILE = "Ffitness app/Info.plist";
				INFOPLIST_KEY_UIApplicationSupportsIndirectInputEvents = YES;
				INFOPLIST_KEY_UILaunchStoryboardName = LaunchScreen;
				INFOPLIST_KEY_UIMainStoryboardFile = Main;
				INFOPLIST_KEY_UISupportedInterfaceOrientations_iPad = "UIInterfaceOrientationPortrait UIInterfaceOrientationPortraitUpsideDown UIInterfaceOrientationLandscapeLeft UIInterfaceOrientationLandscapeRight";
				INFOPLIST_KEY_UISupportedInterfaceOrientations_iPhone = "UIInterfaceOrientationPortrait UIInterfaceOrientationLandscapeLeft UIInterfaceOrientationLandscapeRight";
				LD_RUNPATH_SEARCH_PATHS = (
					"$(inherited)",
					"@executable_path/Frameworks",
				);
				MARKETING_VERSION = 1.0;
				PRODUCT_BUNDLE_IDENTIFIER = "com.thamasha.Ffitness-app";
				PRODUCT_NAME = "$(TARGET_NAME)";
				SWIFT_EMIT_LOC_STRINGS = YES;
				SWIFT_VERSION = 5.0;
				TARGETED_DEVICE_FAMILY = "1,2";
			};
			name = Debug;
		};
		707B84382A080F0E00C5BC05 /* Release */ = {
			isa = XCBuildConfiguration;
			buildSettings = {
				ASSETCATALOG_COMPILER_APPICON_NAME = AppIcon;
				ASSETCATALOG_COMPILER_GLOBAL_ACCENT_COLOR_NAME = AccentColor;
				CODE_SIGN_STYLE = Automatic;
				CURRENT_PROJECT_VERSION = 1;
				GENERATE_INFOPLIST_FILE = YES;
				INFOPLIST_FILE = "Ffitness app/Info.plist";
				INFOPLIST_KEY_UIApplicationSupportsIndirectInputEvents = YES;
				INFOPLIST_KEY_UILaunchStoryboardName = LaunchScreen;
				INFOPLIST_KEY_UIMainStoryboardFile = Main;
				INFOPLIST_KEY_UISupportedInterfaceOrientations_iPad = "UIInterfaceOrientationPortrait UIInterfaceOrientationPortraitUpsideDown UIInterfaceOrientationLandscapeLeft UIInterfaceOrientationLandscapeRight";
				INFOPLIST_KEY_UISupportedInterfaceOrientations_iPhone = "UIInterfaceOrientationPortrait UIInterfaceOrientationLandscapeLeft UIInterfaceOrientationLandscapeRight";
				LD_RUNPATH_SEARCH_PATHS = (
					"$(inherited)",
					"@executable_path/Frameworks",
				);
				MARKETING_VERSION = 1.0;
				PRODUCT_BUNDLE_IDENTIFIER = "com.thamasha.Ffitness-app";
				PRODUCT_NAME = "$(TARGET_NAME)";
				SWIFT_EMIT_LOC_STRINGS = YES;
				SWIFT_VERSION = 5.0;
				TARGETED_DEVICE_FAMILY = "1,2";
			};
			name = Release;
		};
/* End XCBuildConfiguration section */

/* Begin XCConfigurationList section */
		707B841D2A080F0D00C5BC05 /* Build configuration list for PBXProject "Ffitness app" */ = {
			isa = XCConfigurationList;
			buildConfigurations = (
				707B84342A080F0E00C5BC05 /* Debug */,
				707B84352A080F0E00C5BC05 /* Release */,
			);
			defaultConfigurationIsVisible = 0;
			defaultConfigurationName = Release;
		};
		707B84362A080F0E00C5BC05 /* Build configuration list for PBXNativeTarget "Ffitness app" */ = {
			isa = XCConfigurationList;
			buildConfigurations = (
				707B84372A080F0E00C5BC05 /* Debug */,
				707B84382A080F0E00C5BC05 /* Release */,
			);
			defaultConfigurationIsVisible = 0;
			defaultConfigurationName = Release;
		};
/* End XCConfigurationList section */
	};
	rootObject = 707B841A2A080F0D00C5BC05 /* Project object */;
}
